
Microsoft Visual Studio Solution File, Format Version 12.00
# Visual Studio Version 16
VisualStudioVersion = 16.0.31515.178
MinimumVisualStudioVersion = 10.0.40219.1
Project("{FAE04EC0-301F-11D3-BF4B-00C04F79EFBC}") = "Iridium Remake", "Iridium Remake\Iridium Remake.csproj", "{EB53793B-C0AD-4FAB-BBC8-147F75AB6E2E}"
EndProject
Global
	GlobalSection(SolutionConfigurationPlatforms) = preSolution
		Debug|Any CPU = Debug|Any CPU
		Release|Any CPU = Release|Any CPU
	EndGlobalSection
	GlobalSection(ProjectConfigurationPlatforms) = postSolution
		{EB53793B-C0AD-4FAB-BBC8-147F75AB6E2E}.Debug|Any CPU.ActiveCfg = Debug|Any CPU
		{EB53793B-C0AD-4FAB-BBC8-147F75AB6E2E}.Debug|Any CPU.Build.0 = Debug|Any CPU
		{EB53793B-C0AD-4FAB-BBC8-147F75AB6E2E}.Release|Any CPU.ActiveCfg = Release|Any CPU
		{EB53793B-C0AD-4FAB-BBC8-147F75AB6E2E}.Release|Any CPU.Build.0 = Release|Any CPU
	EndGlobalSection
	GlobalSection(SolutionProperties) = preSolution
		HideSolutionNode = FALSE
	EndGlobalSection
	GlobalSection(ExtensibilityGlobals) = postSolution
		SolutionGuid = {8CC57005-A559-422B-B334-493941A94EA1}
	EndGlobalSection
EndGlobal
